// !$*UTF8*$!
{
	archiveVersion = 1;
	classes = {
	};
	objectVersion = 48;
	objects = {

/* Begin PBXBuildFile section */
		9B6B7F061F33243200812757 /* AppDelegate.m in Sources */ = {isa = PBXBuildFile; fileRef = 9B6B7F051F33243200812757 /* AppDelegate.m */; };
		9B6B7F091F33243200812757 /* ViewController.m in Sources */ = {isa = PBXBuildFile; fileRef = 9B6B7F081F33243200812757 /* ViewController.m */; };
		9B6B7F0C1F33243200812757 /* Main.storyboard in Resources */ = {isa = PBXBuildFile; fileRef = 9B6B7F0A1F33243200812757 /* Main.storyboard */; };
		9B6B7F0E1F33243200812757 /* Assets.xcassets in Resources */ = {isa = PBXBuildFile; fileRef = 9B6B7F0D1F33243200812757 /* Assets.xcassets */; };
		9B6B7F111F33243200812757 /* LaunchScreen.storyboard in Resources */ = {isa = PBXBuildFile; fileRef = 9B6B7F0F1F33243200812757 /* LaunchScreen.storyboard */; };
		9B6B7F141F33243200812757 /* main.m in Sources */ = {isa = PBXBuildFile; fileRef = 9B6B7F131F33243200812757 /* main.m */; };
		9B6B7F1C1F33249100812757 /* ARKit.framework in Frameworks */ = {isa = PBXBuildFile; fileRef = 9B6B7F1B1F33249100812757 /* ARKit.framework */; };
		9B6B7F1E1F33249900812757 /* SceneKit.framework in Frameworks */ = {isa = PBXBuildFile; fileRef = 9B6B7F1D1F33249900812757 /* SceneKit.framework */; };
		9B6B7F211F332AC700812757 /* ARSCNViewController.m in Sources */ = {isa = PBXBuildFile; fileRef = 9B6B7F201F332AC700812757 /* ARSCNViewController.m */; };
		9BE319011F3410FA0046C3A0 /* Models.scnassets in Resources */ = {isa = PBXBuildFile; fileRef = 9BE319001F3410F90046C3A0 /* Models.scnassets */; };
/* End PBXBuildFile section */

/* Begin PBXFileReference section */
		9B6B7F011F33243200812757 /* ARKitTestThree.app */ = {isa = PBXFileReference; explicitFileType = wrapper.application; includeInIndex = 0; path = ARKitTestThree.app; sourceTree = BUILT_PRODUCTS_DIR; };
		9B6B7F041F33243200812757 /* AppDelegate.h */ = {isa = PBXFileReference; lastKnownFileType = sourcecode.c.h; path = AppDelegate.h; sourceTree = "<group>"; };
		9B6B7F051F33243200812757 /* AppDelegate.m */ = {isa = PBXFileReference; lastKnownFileType = sourcecode.c.objc; path = AppDelegate.m; sourceTree = "<group>"; };
		9B6B7F071F33243200812757 /* ViewController.h */ = {isa = PBXFileReference; lastKnownFileType = sourcecode.c.h; path = ViewController.h; sourceTree = "<group>"; };
		9B6B7F081F33243200812757 /* ViewController.m */ = {isa = PBXFileReference; lastKnownFileType = sourcecode.c.objc; path = ViewController.m; sourceTree = "<group>"; };
		9B6B7F0B1F33243200812757 /* Base */ = {isa = PBXFileReference; lastKnownFileType = file.storyboard; name = Base; path = Base.lproj/Main.storyboard; sourceTree = "<group>"; };
		9B6B7F0D1F33243200812757 /* Assets.xcassets */ = {isa = PBXFileReference; lastKnownFileType = folder.assetcatalog; path = Assets.xcassets; sourceTree = "<group>"; };
		9B6B7F101F33243200812757 /* Base */ = {isa = PBXFileReference; lastKnownFileType = file.storyboard; name = Base; path = Base.lproj/LaunchScreen.storyboard; sourceTree = "<group>"; };
		9B6B7F121F33243200812757 /* Info.plist */ = {isa = PBXFileReference; lastKnownFileType = text.plist.xml; path = Info.plist; sourceTree = "<group>"; };
		9B6B7F131F33243200812757 /* main.m */ = {isa = PBXFileReference; lastKnownFileType = sourcecode.c.objc; path = main.m; sourceTree = "<group>"; };
		9B6B7F1B1F33249100812757 /* ARKit.framework */ = {isa = PBXFileReference; lastKnownFileType = wrapper.framework; name = ARKit.framework; path = System/Library/Frameworks/ARKit.framework; sourceTree = SDKROOT; };
		9B6B7F1D1F33249900812757 /* SceneKit.framework */ = {isa = PBXFileReference; lastKnownFileType = wrapper.framework; name = SceneKit.framework; path = System/Library/Frameworks/SceneKit.framework; sourceTree = SDKROOT; };
		9B6B7F1F1F332AC700812757 /* ARSCNViewController.h */ = {isa = PBXFileReference; lastKnownFileType = sourcecode.c.h; path = ARSCNViewController.h; sourceTree = "<group>"; };
		9B6B7F201F332AC700812757 /* ARSCNViewController.m */ = {isa = PBXFileReference; lastKnownFileType = sourcecode.c.objc; path = ARSCNViewController.m; sourceTree = "<group>"; };
		9BE319001F3410F90046C3A0 /* Models.scnassets */ = {isa = PBXFileReference; lastKnownFileType = wrapper.scnassets; path = Models.scnassets; sourceTree = "<group>"; };
/* End PBXFileReference section */

/* Begin PBXFrameworksBuildPhase section */
		9B6B7EFE1F33243200812757 /* Frameworks */ = {
			isa = PBXFrameworksBuildPhase;
			buildActionMask = 2147483647;
			files = (
				9B6B7F1E1F33249900812757 /* SceneKit.framework in Frameworks */,
				9B6B7F1C1F33249100812757 /* ARKit.framework in Frameworks */,
			);
			runOnlyForDeploymentPostprocessing = 0;
		};
/* End PBXFrameworksBuildPhase section */

/* Begin PBXGroup section */
		9B6B7EF81F33243200812757 = {
			isa = PBXGroup;
			children = (
				9B6B7F031F33243200812757 /* ARKitTestThree */,
				9B6B7F021F33243200812757 /* Products */,
				9B6B7F1A1F33249100812757 /* Frameworks */,
			);
			sourceTree = "<group>";
		};
		9B6B7F021F33243200812757 /* Products */ = {
			isa = PBXGroup;
			children = (
				9B6B7F011F33243200812757 /* ARKitTestThree.app */,
			);
			name = Products;
			sourceTree = "<group>";
		};
		9B6B7F031F33243200812757 /* ARKitTestThree */ = {
			isa = PBXGroup;
			children = (
				9B6B7F041F33243200812757 /* AppDelegate.h */,
				9B6B7F051F33243200812757 /* AppDelegate.m */,
				9B6B7F071F33243200812757 /* ViewController.h */,
				9B6B7F081F33243200812757 /* ViewController.m */,
				9B6B7F1F1F332AC700812757 /* ARSCNViewController.h */,
				9B6B7F201F332AC700812757 /* ARSCNViewController.m */,
				9BE319001F3410F90046C3A0 /* Models.scnassets */,
				9B6B7F0A1F33243200812757 /* Main.storyboard */,
				9B6B7F0D1F33243200812757 /* Assets.xcassets */,
				9B6B7F0F1F33243200812757 /* LaunchScreen.storyboard */,
				9B6B7F121F33243200812757 /* Info.plist */,
				9B6B7F131F33243200812757 /* main.m */,
			);
			path = ARKitTestThree;
			sourceTree = "<group>";
		};
		9B6B7F1A1F33249100812757 /* Frameworks */ = {
			isa = PBXGroup;
			children = (
				9B6B7F1D1F33249900812757 /* SceneKit.framework */,
				9B6B7F1B1F33249100812757 /* ARKit.framework */,
			);
			name = Frameworks;
			sourceTree = "<group>";
		};
/* End PBXGroup section */

/* Begin PBXNativeTarget section */
		9B6B7F001F33243200812757 /* ARKitTestThree */ = {
			isa = PBXNativeTarget;
			buildConfigurationList = 9B6B7F171F33243200812757 /* Build configuration list for PBXNativeTarget "ARKitTestThree" */;
			buildPhases = (
				9B6B7EFD1F33243200812757 /* Sources */,
				9B6B7EFE1F33243200812757 /* Frameworks */,
				9B6B7EFF1F33243200812757 /* Resources */,
			);
			buildRules = (
			);
			dependencies = (
			);
			name = ARKitTestThree;
			productName = ARKitTestThree;
			productReference = 9B6B7F011F33243200812757 /* ARKitTestThree.app */;
			productType = "com.apple.product-type.application";
		};
/* End PBXNativeTarget section */

/* Begin PBXProject section */
		9B6B7EF91F33243200812757 /* Project object */ = {
			isa = PBXProject;
			attributes = {
				LastUpgradeCheck = 0900;
				ORGANIZATIONNAME = wanglei;
				TargetAttributes = {
					9B6B7F001F33243200812757 = {
						CreatedOnToolsVersion = 9.0;
						ProvisioningStyle = Manual;
					};
				};
			};
			buildConfigurationList = 9B6B7EFC1F33243200812757 /* Build configuration list for PBXProject "ARKitTestThree" */;
			compatibilityVersion = "Xcode 8.0";
			developmentRegion = en;
			hasScannedForEncodings = 0;
			knownRegions = (
				en,
				Base,
			);
			mainGroup = 9B6B7EF81F33243200812757;
			productRefGroup = 9B6B7F021F33243200812757 /* Products */;
			projectDirPath = "";
			projectRoot = "";
			targets = (
				9B6B7F001F33243200812757 /* ARKitTestThree */,
			);
		};
/* End PBXProject section */

/* Begin PBXResourcesBuildPhase section */
		9B6B7EFF1F33243200812757 /* Resources */ = {
			isa = PBXResourcesBuildPhase;
			buildActionMask = 2147483647;
			files = (
				9B6B7F111F33243200812757 /* LaunchScreen.storyboard in Resources */,
				9BE319011F3410FA0046C3A0 /* Models.scnassets in Resources */,
				9B6B7F0E1F33243200812757 /* Assets.xcassets in Resources */,
				9B6B7F0C1F33243200812757 /* Main.storyboard in Resources */,
			);
			runOnlyForDeploymentPostprocessing = 0;
		};
/* End PBXResourcesBuildPhase section */

/* Begin PBXSourcesBuildPhase section */
		9B6B7EFD1F33243200812757 /* Sources */ = {
			isa = PBXSourcesBuildPhase;
			buildActionMask = 2147483647;
			files = (
				9B6B7F091F33243200812757 /* ViewController.m in Sources */,
				9B6B7F141F33243200812757 /* main.m in Sources */,
				9B6B7F211F332AC700812757 /* ARSCNViewController.m in Sources */,
				9B6B7F061F33243200812757 /* AppDelegate.m in Sources */,
			);
			runOnlyForDeploymentPostprocessing = 0;
		};
/* End PBXSourcesBuildPhase section */

/* Begin PBXVariantGroup section */
		9B6B7F0A1F33243200812757 /* Main.storyboard */ = {
			isa = PBXVariantGroup;
			children = (
				9B6B7F0B1F33243200812757 /* Base */,
			);
			name = Main.storyboard;
			sourceTree = "<group>";
		};
		9B6B7F0F1F33243200812757 /* LaunchScreen.storyboard */ = {
			isa = PBXVariantGroup;
			children = (
				9B6B7F101F33243200812757 /* Base */,
			);
			name = LaunchScreen.storyboard;
			sourceTree = "<group>";
		};
/* End PBXVariantGroup section */

/* Begin XCBuildConfiguration section */
		9B6B7F151F33243200812757 /* Debug */ = {
			isa = XCBuildConfiguration;
			buildSettings = {
				ALWAYS_SEARCH_USER_PATHS = NO;
				CLANG_ANALYZER_NONNULL = YES;
				CLANG_ANALYZER_NUMBER_OBJECT_CONVERSION = YES_AGGRESSIVE;
				CLANG_CXX_LANGUAGE_STANDARD = "gnu++14";
				CLANG_CXX_LIBRARY = "libc++";
				CLANG_ENABLE_MODULES = YES;
				CLANG_ENABLE_OBJC_ARC = YES;
				CLANG_WARN_BLOCK_CAPTURE_AUTORELEASING = YES;
				CLANG_WARN_BOOL_CONVERSION = YES;
				CLANG_WARN_COMMA = YES;
				CLANG_WARN_CONSTANT_CONVERSION = YES;
				CLANG_WARN_DIRECT_OBJC_ISA_USAGE = YES_ERROR;
				CLANG_WARN_DOCUMENTATION_COMMENTS = YES;
				CLANG_WARN_EMPTY_BODY = YES;
				CLANG_WARN_ENUM_CONVERSION = YES;
				CLANG_WARN_INFINITE_RECURSION = YES;
				CLANG_WARN_INT_CONVERSION = YES;
				CLANG_WARN_NON_LITERAL_NULL_CONVERSION = YES;
				CLANG_WARN_OBJC_LITERAL_CONVERSION = YES;
				CLANG_WARN_OBJC_ROOT_CLASS = YES_ERROR;
				CLANG_WARN_RANGE_LOOP_ANALYSIS = YES;
				CLANG_WARN_STRICT_PROTOTYPES = YES;
				CLANG_WARN_SUSPICIOUS_MOVE = YES;
				CLANG_WARN_UNGUARDED_AVAILABILITY = YES_AGGRESSIVE;
				CLANG_WARN_UNREACHABLE_CODE = YES;
				CLANG_WARN__DUPLICATE_METHOD_MATCH = YES;
				CODE_SIGN_IDENTITY = "iPhone Developer";
				COPY_PHASE_STRIP = NO;
				DEBUG_INFORMATION_FORMAT = dwarf;
				ENABLE_STRICT_OBJC_MSGSEND = YES;
				ENABLE_TESTABILITY = YES;
				GCC_C_LANGUAGE_STANDARD = gnu11;
				GCC_DYNAMIC_NO_PIC = NO;
				GCC_NO_COMMON_BLOCKS = YES;
				GCC_OPTIMIZATION_LEVEL = 0;
				GCC_PREPROCESSOR_DEFINITIONS = (
					"DEBUG=1",
					"$(inherited)",
				);
				GCC_WARN_64_TO_32_BIT_CONVERSION = YES;
				GCC_WARN_ABOUT_RETURN_TYPE = YES_ERROR;
				GCC_WARN_UNDECLARED_SELECTOR = YES;
				GCC_WARN_UNINITIALIZED_AUTOS = YES_AGGRESSIVE;
				GCC_WARN_UNUSED_FUNCTION = YES;
				GCC_WARN_UNUSED_VARIABLE = YES;
				IPHONEOS_DEPLOYMENT_TARGET = 11.0;
				MTL_ENABLE_DEBUG_INFO = YES;
				ONLY_ACTIVE_ARCH = YES;
				SDKROOT = iphoneos;
			};
			name = Debug;
		};
		9B6B7F161F33243200812757 /* Release */ = {
			isa = XCBuildConfiguration;
			buildSettings = {
				ALWAYS_SEARCH_USER_PATHS = NO;
				CLANG_ANALYZER_NONNULL = YES;
				CLANG_ANALYZER_NUMBER_OBJECT_CONVERSION = YES_AGGRESSIVE;
				CLANG_CXX_LANGUAGE_STANDARD = "gnu++14";
				CLANG_CXX_LIBRARY = "libc++";
				CLANG_ENABLE_MODULES = YES;
				CLANG_ENABLE_OBJC_ARC = YES;
				CLANG_WARN_BLOCK_CAPTURE_AUTORELEASING = YES;
				CLANG_WARN_BOOL_CONVERSION = YES;
				CLANG_WARN_COMMA = YES;
				CLANG_WARN_CONSTANT_CONVERSION = YES;
				CLANG_WARN_DIRECT_OBJC_ISA_USAGE = YES_ERROR;
				CLANG_WARN_DOCUMENTATION_COMMENTS = YES;
				CLANG_WARN_EMPTY_BODY = YES;
				CLANG_WARN_ENUM_CONVERSION = YES;
				CLANG_WARN_INFINITE_RECURSION = YES;
				CLANG_WARN_INT_CONVERSION = YES;
				CLANG_WARN_NON_LITERAL_NULL_CONVERSION = YES;
				CLANG_WARN_OBJC_LITERAL_CONVERSION = YES;
				CLANG_WARN_OBJC_ROOT_CLASS = YES_ERROR;
				CLANG_WARN_RANGE_LOOP_ANALYSIS = YES;
				CLANG_WARN_STRICT_PROTOTYPES = YES;
				CLANG_WARN_SUSPICIOUS_MOVE = YES;
				CLANG_WARN_UNGUARDED_AVAILABILITY = YES_AGGRESSIVE;
				CLANG_WARN_UNREACHABLE_CODE = YES;
				CLANG_WARN__DUPLICATE_METHOD_MATCH = YES;
				CODE_SIGN_IDENTITY = "iPhone Developer";
				COPY_PHASE_STRIP = NO;
				DEBUG_INFORMATION_FORMAT = "dwarf-with-dsym";
				ENABLE_NS_ASSERTIONS = NO;
				ENABLE_STRICT_OBJC_MSGSEND = YES;
				GCC_C_LANGUAGE_STANDARD = gnu11;
				GCC_NO_COMMON_BLOCKS = YES;
				GCC_WARN_64_TO_32_BIT_CONVERSION = YES;
				GCC_WARN_ABOUT_RETURN_TYPE = YES_ERROR;
				GCC_WARN_UNDECLARED_SELECTOR = YES;
				GCC_WARN_UNINITIALIZED_AUTOS = YES_AGGRESSIVE;
				GCC_WARN_UNUSED_FUNCTION = YES;
				GCC_WARN_UNUSED_VARIABLE = YES;
				IPHONEOS_DEPLOYMENT_TARGET = 11.0;
				MTL_ENABLE_DEBUG_INFO = NO;
				SDKROOT = iphoneos;
				VALIDATE_PRODUCT = YES;
			};
			name = Release;
		};
		9B6B7F181F33243200812757 /* Debug */ = {
			isa = XCBuildConfiguration;
			buildSettings = {
				ASSETCATALOG_COMPILER_APPICON_NAME = AppIcon;
				CODE_SIGN_IDENTITY = "iPhone Developer: Jie Sun (L9SV38G294)";
				CODE_SIGN_STYLE = Manual;
				DEVELOPMENT_TEAM = "";
				INFOPLIST_FILE = ARKitTestThree/Info.plist;
				LD_RUNPATH_SEARCH_PATHS = "$(inherited) @executable_path/Frameworks";
				PRODUCT_BUNDLE_IDENTIFIER = com.shenyun.pushsample;
				PRODUCT_NAME = "$(TARGET_NAME)";
				PROVISIONING_PROFILE = "f768cdf7-0295-42be-a9e5-4242695cbb05";
				PROVISIONING_PROFILE_SPECIFIER = "";
				TARGETED_DEVICE_FAMILY = "1,2";
			};
			name = Debug;
		};
		9B6B7F191F33243200812757 /* Release */ = {
			isa = XCBuildConfiguration;
			buildSettings = {
				ASSETCATALOG_COMPILER_APPICON_NAME = AppIcon;
				CODE_SIGN_IDENTITY = "iPhone Developer: Jie Sun (L9SV38G294)";
				CODE_SIGN_STYLE = Manual;
				DEVELOPMENT_TEAM = "";
				INFOPLIST_FILE = ARKitTestThree/Info.plist;
				LD_RUNPATH_SEARCH_PATHS = "$(inherited) @executable_path/Frameworks";
				PRODUCT_BUNDLE_IDENTIFIER = com.shenyun.pushsample;
				PRODUCT_NAME = "$(TARGET_NAME)";
				PROVISIONING_PROFILE = "f768cdf7-0295-42be-a9e5-4242695cbb05";
				PROVISIONING_PROFILE_SPECIFIER = "";
				TARGETED_DEVICE_FAMILY = "1,2";
			};
			name = Release;
		};
/* End XCBuildConfiguration section */

/* Begin XCConfigurationList section */
		9B6B7EFC1F33243200812757 /* Build configuration list for PBXProject "ARKitTestThree" */ = {
			isa = XCConfigurationList;
			buildConfigurations = (
				9B6B7F151F33243200812757 /* Debug */,
				9B6B7F161F33243200812757 /* Release */,
			);
			defaultConfigurationIsVisible = 0;
			defaultConfigurationName = Release;
		};
		9B6B7F171F33243200812757 /* Build configuration list for PBXNativeTarget "ARKitTestThree" */ = {
			isa = XCConfigurationList;
			buildConfigurations = (
				9B6B7F181F33243200812757 /* Debug */,
				9B6B7F191F33243200812757 /* Release */,
			);
			defaultConfigurationIsVisible = 0;
			defaultConfigurationName = Release;
		};
/* End XCConfigurationList section */
	};
	rootObject = 9B6B7EF91F33243200812757 /* Project object */;
}
